
Microsoft Visual Studio Solution File, Format Version 12.00
# Visual Studio 15
VisualStudioVersion = 15.0.28010.2036
MinimumVisualStudioVersion = 10.0.40219.1
Project("{9A19103F-16F7-4668-BE54-9A1E7A4F7556}") = "Anagram", "Anagram\Anagram.csproj", "{5ED0A847-FE8B-4051-9C2B-28948151ED85}"
EndProject
Project("{FAE04EC0-301F-11D3-BF4B-00C04F79EFBC}") = "AnagramTests", "AnagramTests\AnagramTests.csproj", "{6715C36C-F83C-48B3-8144-9085C4D5DDA2}"
EndProject
Global
	GlobalSection(SolutionConfigurationPlatforms) = preSolution
		Debug|Any CPU = Debug|Any CPU
		Release|Any CPU = Release|Any CPU
	EndGlobalSection
	GlobalSection(ProjectConfigurationPlatforms) = postSolution
		{5ED0A847-FE8B-4051-9C2B-28948151ED85}.Debug|Any CPU.ActiveCfg = Debug|Any CPU
		{5ED0A847-FE8B-4051-9C2B-28948151ED85}.Debug|Any CPU.Build.0 = Debug|Any CPU
		{5ED0A847-FE8B-4051-9C2B-28948151ED85}.Release|Any CPU.ActiveCfg = Release|Any CPU
		{5ED0A847-FE8B-4051-9C2B-28948151ED85}.Release|Any CPU.Build.0 = Release|Any CPU
		{6715C36C-F83C-48B3-8144-9085C4D5DDA2}.Debug|Any CPU.ActiveCfg = Debug|Any CPU
		{6715C36C-F83C-48B3-8144-9085C4D5DDA2}.Debug|Any CPU.Build.0 = Debug|Any CPU
		{6715C36C-F83C-48B3-8144-9085C4D5DDA2}.Release|Any CPU.ActiveCfg = Release|Any CPU
		{6715C36C-F83C-48B3-8144-9085C4D5DDA2}.Release|Any CPU.Build.0 = Release|Any CPU
	EndGlobalSection
	GlobalSection(SolutionProperties) = preSolution
		HideSolutionNode = FALSE
	EndGlobalSection
	GlobalSection(ExtensibilityGlobals) = postSolution
		SolutionGuid = {F7468875-126A-48D9-83DF-236FC2483403}
	EndGlobalSection
EndGlobal
